// !$*UTF8*$!
{
	archiveVersion = 1;
	classes = {
	};
	objectVersion = 52;
	objects = {

/* Begin PBXBuildFile section */
		41699E1D255A653500F11918 /* AudioKit in Frameworks */ = {isa = PBXBuildFile; productRef = 41699E1C255A653500F11918 /* AudioKit */; };
		41D33CA325761EB800BD7ED5 /* RecorderConductor.swift in Sources */ = {isa = PBXBuildFile; fileRef = 41D33CA225761EB800BD7ED5 /* RecorderConductor.swift */; };
		41D53D1D2564EB25006FAE8D /* Cookbook.swift in Sources */ = {isa = PBXBuildFile; fileRef = 41D53D142564E695006FAE8D /* Cookbook.swift */; };
		41D53D1E2564EB25006FAE8D /* PlayerControls.swift in Sources */ = {isa = PBXBuildFile; fileRef = 41D53D152564E695006FAE8D /* PlayerControls.swift */; };
		41D53D1F2564EB25006FAE8D /* ADSRView.swift in Sources */ = {isa = PBXBuildFile; fileRef = 41D53D162564E695006FAE8D /* ADSRView.swift */; };
		41D53D202564EB25006FAE8D /* KeyboardView.swift in Sources */ = {isa = PBXBuildFile; fileRef = 41D53D172564E695006FAE8D /* KeyboardView.swift */; };
		41D53D212564EB25006FAE8D /* PlotView.swift in Sources */ = {isa = PBXBuildFile; fileRef = 41D53D182564E695006FAE8D /* PlotView.swift */; };
		41D53D222564EB25006FAE8D /* ColorManager.swift in Sources */ = {isa = PBXBuildFile; fileRef = 41D53D192564E695006FAE8D /* ColorManager.swift */; };
		41D53D2D2564EF26006FAE8D /* Pictures in Resources */ = {isa = PBXBuildFile; fileRef = 41D53D2B2564EF26006FAE8D /* Pictures */; };
		41D53D2E2564EF26006FAE8D /* Sounds in Resources */ = {isa = PBXBuildFile; fileRef = 41D53D2C2564EF26006FAE8D /* Sounds */; };
		41D53D3525664329006FAE8D /* Sliders in Frameworks */ = {isa = PBXBuildFile; productRef = 41D53D3425664329006FAE8D /* Sliders */; };
		41E2E01925551C0200029FAD /* AppDelegate.swift in Sources */ = {isa = PBXBuildFile; fileRef = 41E2E01825551C0200029FAD /* AppDelegate.swift */; };
		41E2E01B25551C0200029FAD /* SceneDelegate.swift in Sources */ = {isa = PBXBuildFile; fileRef = 41E2E01A25551C0200029FAD /* SceneDelegate.swift */; };
		41E2E01D25551C0200029FAD /* ViewController.swift in Sources */ = {isa = PBXBuildFile; fileRef = 41E2E01C25551C0200029FAD /* ViewController.swift */; };
		41E2E02025551C0200029FAD /* Main.storyboard in Resources */ = {isa = PBXBuildFile; fileRef = 41E2E01E25551C0200029FAD /* Main.storyboard */; };
		41E2E02225551C0400029FAD /* Assets.xcassets in Resources */ = {isa = PBXBuildFile; fileRef = 41E2E02125551C0400029FAD /* Assets.xcassets */; };
		41E2E02525551C0400029FAD /* LaunchScreen.storyboard in Resources */ = {isa = PBXBuildFile; fileRef = 41E2E02325551C0400029FAD /* LaunchScreen.storyboard */; };
/* End PBXBuildFile section */

/* Begin PBXFileReference section */
		41D33CA225761EB800BD7ED5 /* RecorderConductor.swift */ = {isa = PBXFileReference; lastKnownFileType = sourcecode.swift; path = RecorderConductor.swift; sourceTree = "<group>"; };
		41D53D132564E695006FAE8D /* ParameterSlider.swift */ = {isa = PBXFileReference; lastKnownFileType = sourcecode.swift; path = ParameterSlider.swift; sourceTree = "<group>"; };
		41D53D142564E695006FAE8D /* Cookbook.swift */ = {isa = PBXFileReference; lastKnownFileType = sourcecode.swift; path = Cookbook.swift; sourceTree = "<group>"; };
		41D53D152564E695006FAE8D /* PlayerControls.swift */ = {isa = PBXFileReference; lastKnownFileType = sourcecode.swift; path = PlayerControls.swift; sourceTree = "<group>"; };
		41D53D162564E695006FAE8D /* ADSRView.swift */ = {isa = PBXFileReference; lastKnownFileType = sourcecode.swift; path = ADSRView.swift; sourceTree = "<group>"; };
		41D53D172564E695006FAE8D /* KeyboardView.swift */ = {isa = PBXFileReference; lastKnownFileType = sourcecode.swift; path = KeyboardView.swift; sourceTree = "<group>"; };
		41D53D182564E695006FAE8D /* PlotView.swift */ = {isa = PBXFileReference; lastKnownFileType = sourcecode.swift; path = PlotView.swift; sourceTree = "<group>"; };
		41D53D192564E695006FAE8D /* ColorManager.swift */ = {isa = PBXFileReference; lastKnownFileType = sourcecode.swift; path = ColorManager.swift; sourceTree = "<group>"; };
		41D53D2B2564EF26006FAE8D /* Pictures */ = {isa = PBXFileReference; lastKnownFileType = folder; name = Pictures; path = "Echo Vroom/Pictures"; sourceTree = "<group>"; };
		41D53D2C2564EF26006FAE8D /* Sounds */ = {isa = PBXFileReference; lastKnownFileType = folder; name = Sounds; path = "Echo Vroom/Sounds"; sourceTree = "<group>"; };
		41E2E01525551C0200029FAD /* Echo Vroom.app */ = {isa = PBXFileReference; explicitFileType = wrapper.application; includeInIndex = 0; path = "Echo Vroom.app"; sourceTree = BUILT_PRODUCTS_DIR; };
		41E2E01825551C0200029FAD /* AppDelegate.swift */ = {isa = PBXFileReference; lastKnownFileType = sourcecode.swift; path = AppDelegate.swift; sourceTree = "<group>"; };
		41E2E01A25551C0200029FAD /* SceneDelegate.swift */ = {isa = PBXFileReference; lastKnownFileType = sourcecode.swift; path = SceneDelegate.swift; sourceTree = "<group>"; };
		41E2E01C25551C0200029FAD /* ViewController.swift */ = {isa = PBXFileReference; lastKnownFileType = sourcecode.swift; path = ViewController.swift; sourceTree = "<group>"; };
		41E2E01F25551C0200029FAD /* Base */ = {isa = PBXFileReference; lastKnownFileType = file.storyboard; name = Base; path = Base.lproj/Main.storyboard; sourceTree = "<group>"; };
		41E2E02125551C0400029FAD /* Assets.xcassets */ = {isa = PBXFileReference; lastKnownFileType = folder.assetcatalog; path = Assets.xcassets; sourceTree = "<group>"; };
		41E2E02425551C0400029FAD /* Base */ = {isa = PBXFileReference; lastKnownFileType = file.storyboard; name = Base; path = Base.lproj/LaunchScreen.storyboard; sourceTree = "<group>"; };
		41E2E02625551C0400029FAD /* Info.plist */ = {isa = PBXFileReference; lastKnownFileType = text.plist.xml; path = Info.plist; sourceTree = "<group>"; };
/* End PBXFileReference section */

/* Begin PBXFrameworksBuildPhase section */
		41E2E01225551C0200029FAD /* Frameworks */ = {
			isa = PBXFrameworksBuildPhase;
			buildActionMask = 2147483647;
			files = (
				41699E1D255A653500F11918 /* AudioKit in Frameworks */,
				41D53D3525664329006FAE8D /* Sliders in Frameworks */,
			);
			runOnlyForDeploymentPostprocessing = 0;
		};
/* End PBXFrameworksBuildPhase section */

/* Begin PBXGroup section */
		41D53D122564E695006FAE8D /* Reusable Components */ = {
			isa = PBXGroup;
			children = (
				41D53D132564E695006FAE8D /* ParameterSlider.swift */,
				41D53D142564E695006FAE8D /* Cookbook.swift */,
				41D53D152564E695006FAE8D /* PlayerControls.swift */,
				41D53D162564E695006FAE8D /* ADSRView.swift */,
				41D53D172564E695006FAE8D /* KeyboardView.swift */,
				41D53D182564E695006FAE8D /* PlotView.swift */,
				41D53D192564E695006FAE8D /* ColorManager.swift */,
			);
			path = "Reusable Components";
			sourceTree = "<group>";
		};
		41E2E00C25551C0200029FAD = {
			isa = PBXGroup;
			children = (
				41D53D2B2564EF26006FAE8D /* Pictures */,
				41D53D2C2564EF26006FAE8D /* Sounds */,
				41E2E01725551C0200029FAD /* Echo Vroom */,
				41E2E01625551C0200029FAD /* Products */,
			);
			sourceTree = "<group>";
		};
		41E2E01625551C0200029FAD /* Products */ = {
			isa = PBXGroup;
			children = (
				41E2E01525551C0200029FAD /* Echo Vroom.app */,
			);
			name = Products;
			sourceTree = "<group>";
		};
		41E2E01725551C0200029FAD /* Echo Vroom */ = {
			isa = PBXGroup;
			children = (
				41D53D122564E695006FAE8D /* Reusable Components */,
				41E2E01825551C0200029FAD /* AppDelegate.swift */,
				41E2E01A25551C0200029FAD /* SceneDelegate.swift */,
				41E2E01C25551C0200029FAD /* ViewController.swift */,
				41E2E01E25551C0200029FAD /* Main.storyboard */,
				41E2E02125551C0400029FAD /* Assets.xcassets */,
				41E2E02325551C0400029FAD /* LaunchScreen.storyboard */,
				41E2E02625551C0400029FAD /* Info.plist */,
				41D33CA225761EB800BD7ED5 /* RecorderConductor.swift */,
			);
			path = "Echo Vroom";
			sourceTree = "<group>";
		};
/* End PBXGroup section */

/* Begin PBXNativeTarget section */
		41E2E01425551C0200029FAD /* Echo Vroom */ = {
			isa = PBXNativeTarget;
			buildConfigurationList = 41E2E02925551C0400029FAD /* Build configuration list for PBXNativeTarget "Echo Vroom" */;
			buildPhases = (
				41E2E01125551C0200029FAD /* Sources */,
				41E2E01225551C0200029FAD /* Frameworks */,
				41E2E01325551C0200029FAD /* Resources */,
			);
			buildRules = (
			);
			dependencies = (
			);
			name = "Echo Vroom";
			packageProductDependencies = (
				41699E1C255A653500F11918 /* AudioKit */,
				41D53D3425664329006FAE8D /* Sliders */,
			);
			productName = "Echo Jam Keys";
			productReference = 41E2E01525551C0200029FAD /* Echo Vroom.app */;
			productType = "com.apple.product-type.application";
		};
/* End PBXNativeTarget section */

/* Begin PBXProject section */
		41E2E00D25551C0200029FAD /* Project object */ = {
			isa = PBXProject;
			attributes = {
				LastSwiftUpdateCheck = 1210;
				LastUpgradeCheck = 1210;
				TargetAttributes = {
					41E2E01425551C0200029FAD = {
						CreatedOnToolsVersion = 12.1;
					};
				};
			};
			buildConfigurationList = 41E2E01025551C0200029FAD /* Build configuration list for PBXProject "Echo Vroom" */;
			compatibilityVersion = "Xcode 9.3";
			developmentRegion = en;
			hasScannedForEncodings = 0;
			knownRegions = (
				en,
				Base,
			);
			mainGroup = 41E2E00C25551C0200029FAD;
			packageReferences = (
				41699E1B255A653500F11918 /* XCRemoteSwiftPackageReference "AudioKit" */,
				41D53D3325664329006FAE8D /* XCRemoteSwiftPackageReference "swiftui-sliders" */,
			);
			productRefGroup = 41E2E01625551C0200029FAD /* Products */;
			projectDirPath = "";
			projectRoot = "";
			targets = (
				41E2E01425551C0200029FAD /* Echo Vroom */,
			);
		};
/* End PBXProject section */

/* Begin PBXResourcesBuildPhase section */
		41E2E01325551C0200029FAD /* Resources */ = {
			isa = PBXResourcesBuildPhase;
			buildActionMask = 2147483647;
			files = (
				41D53D2D2564EF26006FAE8D /* Pictures in Resources */,
				41D53D2E2564EF26006FAE8D /* Sounds in Resources */,
				41E2E02525551C0400029FAD /* LaunchScreen.storyboard in Resources */,
				41E2E02225551C0400029FAD /* Assets.xcassets in Resources */,
				41E2E02025551C0200029FAD /* Main.storyboard in Resources */,
			);
			runOnlyForDeploymentPostprocessing = 0;
		};
/* End PBXResourcesBuildPhase section */

/* Begin PBXSourcesBuildPhase section */
		41E2E01125551C0200029FAD /* Sources */ = {
			isa = PBXSourcesBuildPhase;
			buildActionMask = 2147483647;
			files = (
				41D53D1D2564EB25006FAE8D /* Cookbook.swift in Sources */,
				41D53D1E2564EB25006FAE8D /* PlayerControls.swift in Sources */,
				41D53D1F2564EB25006FAE8D /* ADSRView.swift in Sources */,
				41D53D202564EB25006FAE8D /* KeyboardView.swift in Sources */,
				41D53D212564EB25006FAE8D /* PlotView.swift in Sources */,
				41D53D222564EB25006FAE8D /* ColorManager.swift in Sources */,
				41E2E01D25551C0200029FAD /* ViewController.swift in Sources */,
				41D33CA325761EB800BD7ED5 /* RecorderConductor.swift in Sources */,
				41E2E01925551C0200029FAD /* AppDelegate.swift in Sources */,
				41E2E01B25551C0200029FAD /* SceneDelegate.swift in Sources */,
			);
			runOnlyForDeploymentPostprocessing = 0;
		};
/* End PBXSourcesBuildPhase section */

/* Begin PBXVariantGroup section */
		41E2E01E25551C0200029FAD /* Main.storyboard */ = {
			isa = PBXVariantGroup;
			children = (
				41E2E01F25551C0200029FAD /* Base */,
			);
			name = Main.storyboard;
			sourceTree = "<group>";
		};
		41E2E02325551C0400029FAD /* LaunchScreen.storyboard */ = {
			isa = PBXVariantGroup;
			children = (
				41E2E02425551C0400029FAD /* Base */,
			);
			name = LaunchScreen.storyboard;
			sourceTree = "<group>";
		};
/* End PBXVariantGroup section */

/* Begin XCBuildConfiguration section */
		41E2E02725551C0400029FAD /* Debug */ = {
			isa = XCBuildConfiguration;
			buildSettings = {
				ALWAYS_SEARCH_USER_PATHS = NO;
				CLANG_ANALYZER_NONNULL = YES;
				CLANG_ANALYZER_NUMBER_OBJECT_CONVERSION = YES_AGGRESSIVE;
				CLANG_CXX_LANGUAGE_STANDARD = "gnu++14";
				CLANG_CXX_LIBRARY = "libc++";
				CLANG_ENABLE_MODULES = YES;
				CLANG_ENABLE_OBJC_ARC = YES;
				CLANG_ENABLE_OBJC_WEAK = YES;
				CLANG_WARN_BLOCK_CAPTURE_AUTORELEASING = YES;
				CLANG_WARN_BOOL_CONVERSION = YES;
				CLANG_WARN_COMMA = YES;
				CLANG_WARN_CONSTANT_CONVERSION = YES;
				CLANG_WARN_DEPRECATED_OBJC_IMPLEMENTATIONS = YES;
				CLANG_WARN_DIRECT_OBJC_ISA_USAGE = YES_ERROR;
				CLANG_WARN_DOCUMENTATION_COMMENTS = YES;
				CLANG_WARN_EMPTY_BODY = YES;
				CLANG_WARN_ENUM_CONVERSION = YES;
				CLANG_WARN_INFINITE_RECURSION = YES;
				CLANG_WARN_INT_CONVERSION = YES;
				CLANG_WARN_NON_LITERAL_NULL_CONVERSION = YES;
				CLANG_WARN_OBJC_IMPLICIT_RETAIN_SELF = YES;
				CLANG_WARN_OBJC_LITERAL_CONVERSION = YES;
				CLANG_WARN_OBJC_ROOT_CLASS = YES_ERROR;
				CLANG_WARN_QUOTED_INCLUDE_IN_FRAMEWORK_HEADER = YES;
				CLANG_WARN_RANGE_LOOP_ANALYSIS = YES;
				CLANG_WARN_STRICT_PROTOTYPES = YES;
				CLANG_WARN_SUSPICIOUS_MOVE = YES;
				CLANG_WARN_UNGUARDED_AVAILABILITY = YES_AGGRESSIVE;
				CLANG_WARN_UNREACHABLE_CODE = YES;
				CLANG_WARN__DUPLICATE_METHOD_MATCH = YES;
				COPY_PHASE_STRIP = NO;
				DEBUG_INFORMATION_FORMAT = dwarf;
				ENABLE_STRICT_OBJC_MSGSEND = YES;
				ENABLE_TESTABILITY = YES;
				GCC_C_LANGUAGE_STANDARD = gnu11;
				GCC_DYNAMIC_NO_PIC = NO;
				GCC_NO_COMMON_BLOCKS = YES;
				GCC_OPTIMIZATION_LEVEL = 0;
				GCC_PREPROCESSOR_DEFINITIONS = (
					"DEBUG=1",
					"$(inherited)",
				);
				GCC_WARN_64_TO_32_BIT_CONVERSION = YES;
				GCC_WARN_ABOUT_RETURN_TYPE = YES_ERROR;
				GCC_WARN_UNDECLARED_SELECTOR = YES;
				GCC_WARN_UNINITIALIZED_AUTOS = YES_AGGRESSIVE;
				GCC_WARN_UNUSED_FUNCTION = YES;
				GCC_WARN_UNUSED_VARIABLE = YES;
				IPHONEOS_DEPLOYMENT_TARGET = 14.1;
				MTL_ENABLE_DEBUG_INFO = INCLUDE_SOURCE;
				MTL_FAST_MATH = YES;
				ONLY_ACTIVE_ARCH = YES;
				SDKROOT = iphoneos;
				SWIFT_ACTIVE_COMPILATION_CONDITIONS = DEBUG;
				SWIFT_OPTIMIZATION_LEVEL = "-Onone";
			};
			name = Debug;
		};
		41E2E02825551C0400029FAD /* Release */ = {
			isa = XCBuildConfiguration;
			buildSettings = {
				ALWAYS_SEARCH_USER_PATHS = NO;
				CLANG_ANALYZER_NONNULL = YES;
				CLANG_ANALYZER_NUMBER_OBJECT_CONVERSION = YES_AGGRESSIVE;
				CLANG_CXX_LANGUAGE_STANDARD = "gnu++14";
				CLANG_CXX_LIBRARY = "libc++";
				CLANG_ENABLE_MODULES = YES;
				CLANG_ENABLE_OBJC_ARC = YES;
				CLANG_ENABLE_OBJC_WEAK = YES;
				CLANG_WARN_BLOCK_CAPTURE_AUTORELEASING = YES;
				CLANG_WARN_BOOL_CONVERSION = YES;
				CLANG_WARN_COMMA = YES;
				CLANG_WARN_CONSTANT_CONVERSION = YES;
				CLANG_WARN_DEPRECATED_OBJC_IMPLEMENTATIONS = YES;
				CLANG_WARN_DIRECT_OBJC_ISA_USAGE = YES_ERROR;
				CLANG_WARN_DOCUMENTATION_COMMENTS = YES;
				CLANG_WARN_EMPTY_BODY = YES;
				CLANG_WARN_ENUM_CONVERSION = YES;
				CLANG_WARN_INFINITE_RECURSION = YES;
				CLANG_WARN_INT_CONVERSION = YES;
				CLANG_WARN_NON_LITERAL_NULL_CONVERSION = YES;
				CLANG_WARN_OBJC_IMPLICIT_RETAIN_SELF = YES;
				CLANG_WARN_OBJC_LITERAL_CONVERSION = YES;
				CLANG_WARN_OBJC_ROOT_CLASS = YES_ERROR;
				CLANG_WARN_QUOTED_INCLUDE_IN_FRAMEWORK_HEADER = YES;
				CLANG_WARN_RANGE_LOOP_ANALYSIS = YES;
				CLANG_WARN_STRICT_PROTOTYPES = YES;
				CLANG_WARN_SUSPICIOUS_MOVE = YES;
				CLANG_WARN_UNGUARDED_AVAILABILITY = YES_AGGRESSIVE;
				CLANG_WARN_UNREACHABLE_CODE = YES;
				CLANG_WARN__DUPLICATE_METHOD_MATCH = YES;
				COPY_PHASE_STRIP = NO;
				DEBUG_INFORMATION_FORMAT = "dwarf-with-dsym";
				ENABLE_NS_ASSERTIONS = NO;
				ENABLE_STRICT_OBJC_MSGSEND = YES;
				GCC_C_LANGUAGE_STANDARD = gnu11;
				GCC_NO_COMMON_BLOCKS = YES;
				GCC_WARN_64_TO_32_BIT_CONVERSION = YES;
				GCC_WARN_ABOUT_RETURN_TYPE = YES_ERROR;
				GCC_WARN_UNDECLARED_SELECTOR = YES;
				GCC_WARN_UNINITIALIZED_AUTOS = YES_AGGRESSIVE;
				GCC_WARN_UNUSED_FUNCTION = YES;
				GCC_WARN_UNUSED_VARIABLE = YES;
				IPHONEOS_DEPLOYMENT_TARGET = 14.1;
				MTL_ENABLE_DEBUG_INFO = NO;
				MTL_FAST_MATH = YES;
				SDKROOT = iphoneos;
				SWIFT_COMPILATION_MODE = wholemodule;
				SWIFT_OPTIMIZATION_LEVEL = "-O";
				VALIDATE_PRODUCT = YES;
			};
			name = Release;
		};
		41E2E02A25551C0400029FAD /* Debug */ = {
			isa = XCBuildConfiguration;
			buildSettings = {
				ASSETCATALOG_COMPILER_APPICON_NAME = AppIcon;
				ASSETCATALOG_COMPILER_GLOBAL_ACCENT_COLOR_NAME = AccentColor;
				CODE_SIGN_STYLE = Automatic;
				DEVELOPMENT_TEAM = V9DBGV72NL;
				INFOPLIST_FILE = "Echo Vroom/Info.plist";
				IPHONEOS_DEPLOYMENT_TARGET = 14.0;
				LD_RUNPATH_SEARCH_PATHS = (
					"$(inherited)",
					"@executable_path/Frameworks",
				);
				PRODUCT_BUNDLE_IDENTIFIER = studio.irl.echovroom;
				PRODUCT_NAME = "$(TARGET_NAME)";
				SWIFT_VERSION = 5.0;
				TARGETED_DEVICE_FAMILY = 1;
			};
			name = Debug;
		};
		41E2E02B25551C0400029FAD /* Release */ = {
			isa = XCBuildConfiguration;
			buildSettings = {
				ASSETCATALOG_COMPILER_APPICON_NAME = AppIcon;
				ASSETCATALOG_COMPILER_GLOBAL_ACCENT_COLOR_NAME = AccentColor;
				CODE_SIGN_STYLE = Automatic;
				DEVELOPMENT_TEAM = V9DBGV72NL;
				INFOPLIST_FILE = "Echo Vroom/Info.plist";
				IPHONEOS_DEPLOYMENT_TARGET = 14.0;
				LD_RUNPATH_SEARCH_PATHS = (
					"$(inherited)",
					"@executable_path/Frameworks",
				);
				PRODUCT_BUNDLE_IDENTIFIER = studio.irl.echovroom;
				PRODUCT_NAME = "$(TARGET_NAME)";
				SWIFT_VERSION = 5.0;
				TARGETED_DEVICE_FAMILY = 1;
			};
			name = Release;
		};
/* End XCBuildConfiguration section */

/* Begin XCConfigurationList section */
		41E2E01025551C0200029FAD /* Build configuration list for PBXProject "Echo Vroom" */ = {
			isa = XCConfigurationList;
			buildConfigurations = (
				41E2E02725551C0400029FAD /* Debug */,
				41E2E02825551C0400029FAD /* Release */,
			);
			defaultConfigurationIsVisible = 0;
			defaultConfigurationName = Release;
		};
		41E2E02925551C0400029FAD /* Build configuration list for PBXNativeTarget "Echo Vroom" */ = {
			isa = XCConfigurationList;
			buildConfigurations = (
				41E2E02A25551C0400029FAD /* Debug */,
				41E2E02B25551C0400029FAD /* Release */,
			);
			defaultConfigurationIsVisible = 0;
			defaultConfigurationName = Release;
		};
/* End XCConfigurationList section */

/* Begin XCRemoteSwiftPackageReference section */
		41699E1B255A653500F11918 /* XCRemoteSwiftPackageReference "AudioKit" */ = {
			isa = XCRemoteSwiftPackageReference;
			repositoryURL = "https://github.com/AudioKit/AudioKit";
			requirement = {
				branch = "v5-main";
				kind = branch;
			};
		};
		41D53D3325664329006FAE8D /* XCRemoteSwiftPackageReference "swiftui-sliders" */ = {
			isa = XCRemoteSwiftPackageReference;
			repositoryURL = "git@github.com:spacenation/swiftui-sliders.git";
			requirement = {
				branch = master;
				kind = branch;
			};
		};
/* End XCRemoteSwiftPackageReference section */

/* Begin XCSwiftPackageProductDependency section */
		41699E1C255A653500F11918 /* AudioKit */ = {
			isa = XCSwiftPackageProductDependency;
			package = 41699E1B255A653500F11918 /* XCRemoteSwiftPackageReference "AudioKit" */;
			productName = AudioKit;
		};
		41D53D3425664329006FAE8D /* Sliders */ = {
			isa = XCSwiftPackageProductDependency;
			package = 41D53D3325664329006FAE8D /* XCRemoteSwiftPackageReference "swiftui-sliders" */;
			productName = Sliders;
		};
/* End XCSwiftPackageProductDependency section */
	};
	rootObject = 41E2E00D25551C0200029FAD /* Project object */;
}
